{
    "version": 3,
    "terraform_version": "0.11.7",
    "serial": 12,
    "lineage": "3aa5ed7a-fc24-c2d3-3b01-c99910abda1a",
    "modules": [
        {
            "path": [
                "root"
            ],
            "outputs": {},
            "resources": {},
            "depends_on": []
        },
        {
            "path": [
                "root",
                "compute"
            ],
            "outputs": {},
            "resources": {},
            "depends_on": []
        },
        {
            "path": [
                "root",
                "firewall"
            ],
            "outputs": {},
            "resources": {},
            "depends_on": []
        },
        {
            "path": [
                "root",
                "vpc"
            ],
            "outputs": {
                "name": {
                    "sensitive": false,
                    "type": "string",
                    "value": "test"
                }
            },
            "resources": {
                "google_compute_network.test": {
                    "type": "google_compute_network",
                    "depends_on": [],
                    "primary": {
                        "id": "test",
                        "attributes": {
                            "auto_create_subnetworks": "true",
                            "description": "",
                            "gateway_ipv4": "",
                            "id": "test",
                            "ipv4_range": "",
                            "name": "test",
                            "project": "bakhovskuy-gcp-create",
                            "routing_mode": "REGIONAL",
                            "self_link": "https://www.googleapis.com/compute/v1/projects/bakhovskuy-gcp-create/global/networks/test"
                        },
                        "meta": {},
                        "tainted": false
                    },
                    "deposed": [],
                    "provider": "provider.google"
                }
            },
            "depends_on": []
        }
    ]
}
