{
    "version": 3,
    "terraform_version": "0.11.7",
    "serial": 23,
    "lineage": "e3dcd10c-a0dd-bb8c-e215-88e2399e695d",
    "modules": [
        {
            "path": [
                "root"
            ],
            "outputs": {},
            "resources": {},
            "depends_on": []
        },
        {
            "path": [
                "root",
                "database"
            ],
            "outputs": {
                "instances": {
                    "sensitive": false,
                    "type": "string",
                    "value": "var.name"
                }
            },
            "resources": {
                "google_compute_instance.default": {
                    "type": "google_compute_instance",
                    "depends_on": [],
                    "primary": {
                        "id": "database-0",
                        "attributes": {
                            "attached_disk.#": "0",
                            "boot_disk.#": "1",
                            "boot_disk.0.auto_delete": "true",
                            "boot_disk.0.device_name": "persistent-disk-0",
                            "boot_disk.0.disk_encryption_key_raw": "",
                            "boot_disk.0.disk_encryption_key_sha256": "",
                            "boot_disk.0.initialize_params.#": "1",
                            "boot_disk.0.initialize_params.0.image": "https://www.googleapis.com/compute/v1/projects/debian-cloud/global/images/debian-8-jessie-v20180510",
                            "boot_disk.0.initialize_params.0.size": "10",
                            "boot_disk.0.initialize_params.0.type": "pd-standard",
                            "boot_disk.0.source": "https://www.googleapis.com/compute/v1/projects/bakhovskuy-gcp-create/zones/europe-west1-b/disks/database-0",
                            "can_ip_forward": "false",
                            "cpu_platform": "Intel Sandy Bridge",
                            "create_timeout": "4",
                            "deletion_protection": "false",
                            "guest_accelerator.#": "0",
                            "id": "database-0",
                            "instance_id": "801999322733545246",
                            "label_fingerprint": "42WmSpB8rSM=",
                            "machine_type": "n1-standard-1",
                            "metadata.%": "1",
                            "metadata.ssh-keys": "mykola:ssh-rsa AAAAB3NzaC1yc2EAAAADAQABAAABAQDTVvya3TeB3ZSZFL6M75fpPRx57XUIjBBmV9PUgVU8YYS7PUZn02f7hxmJ6sigawu9OUJATdWOLDqHSqSz5DkSbBqvHo3LTiRzGpzWou676y/xshm3eCk+bfWzj0MU+MuTtTJO8+A+/HuE0VBPOkKO+EsdkMGidE5dyBQ0V8pfPPnu43e59Y1KpUwtUHZOZyqtZDCtsI505Z6s4qKzSQCWwtj0IJSXtQsytimK3DEC3AR9DebVAn6FLVDteKYjBTIY2Zw2XQp//s8l7IUTJs6KC7AqdFB4oNcw2oxkyTuwgdEZfzs4wsY3nS87C1Ms2M7BfNRzzWGnoslLKHrEAMYv mykola@mykola-VirtualBox\n",
                            "metadata_fingerprint": "PPw6yuS_FDA=",
                            "metadata_startup_script": "",
                            "min_cpu_platform": "",
                            "name": "database-0",
                            "network_interface.#": "1",
                            "network_interface.0.access_config.#": "1",
                            "network_interface.0.access_config.0.assigned_nat_ip": "104.155.125.191",
                            "network_interface.0.access_config.0.nat_ip": "104.155.125.191",
                            "network_interface.0.access_config.0.public_ptr_domain_name": "",
                            "network_interface.0.address": "10.132.0.2",
                            "network_interface.0.alias_ip_range.#": "0",
                            "network_interface.0.name": "nic0",
                            "network_interface.0.network": "https://www.googleapis.com/compute/beta/projects/bakhovskuy-gcp-create/global/networks/test",
                            "network_interface.0.network_ip": "10.132.0.2",
                            "network_interface.0.subnetwork": "https://www.googleapis.com/compute/beta/projects/bakhovskuy-gcp-create/regions/europe-west1/subnetworks/test",
                            "network_interface.0.subnetwork_project": "bakhovskuy-gcp-create",
                            "project": "bakhovskuy-gcp-create",
                            "scheduling.#": "1",
                            "scheduling.0.automatic_restart": "true",
                            "scheduling.0.on_host_maintenance": "MIGRATE",
                            "scheduling.0.preemptible": "false",
                            "scratch_disk.#": "1",
                            "scratch_disk.0.interface": "SCSI",
                            "self_link": "https://www.googleapis.com/compute/v1/projects/bakhovskuy-gcp-create/zones/europe-west1-b/instances/database-0",
                            "service_account.#": "0",
                            "tags.#": "1",
                            "tags.3632233996": "test",
                            "tags_fingerprint": "24toQCp64m8=",
                            "zone": "europe-west1-b"
                        },
                        "meta": {
                            "e2bfb730-ecaa-11e6-8f88-34363bc7c4c0": {
                                "create": 360000000000,
                                "delete": 360000000000,
                                "update": 360000000000
                            },
                            "schema_version": "6"
                        },
                        "tainted": false
                    },
                    "deposed": [],
                    "provider": "provider.google"
                }
            },
            "depends_on": []
        },
        {
            "path": [
                "root",
                "sorage"
            ],
            "outputs": {},
            "resources": {
                "google_storage_bucket.image-store": {
                    "type": "google_storage_bucket",
                    "depends_on": [],
                    "primary": {
                        "id": "bahovskuystoragegcp",
                        "attributes": {
                            "cors.#": "0",
                            "force_destroy": "false",
                            "id": "bahovskuystoragegcp",
                            "labels.%": "0",
                            "lifecycle_rule.#": "0",
                            "location": "EU",
                            "logging.#": "0",
                            "name": "bahovskuystoragegcp",
                            "project": "bakhovskuy-gcp-create",
                            "self_link": "https://www.googleapis.com/storage/v1/b/bahovskuystoragegcp",
                            "storage_class": "MULTI_REGIONAL",
                            "url": "gs://bahovskuystoragegcp",
                            "versioning.#": "0"
                        },
                        "meta": {},
                        "tainted": false
                    },
                    "deposed": [],
                    "provider": "provider.google"
                }
            },
            "depends_on": []
        },
        {
            "path": [
                "root",
                "vpc"
            ],
            "outputs": {
                "name": {
                    "sensitive": false,
                    "type": "string",
                    "value": "test"
                }
            },
            "resources": {
                "google_compute_firewall.test": {
                    "type": "google_compute_firewall",
                    "depends_on": [
                        "google_compute_network.test"
                    ],
                    "primary": {
                        "id": "test-firewall",
                        "attributes": {
                            "allow.#": "1",
                            "allow.2226799243.ports.#": "2",
                            "allow.2226799243.ports.0": "80",
                            "allow.2226799243.ports.1": "8080",
                            "allow.2226799243.protocol": "tcp",
                            "deny.#": "0",
                            "description": "",
                            "destination_ranges.#": "0",
                            "direction": "INGRESS",
                            "id": "test-firewall",
                            "name": "test-firewall",
                            "network": "https://www.googleapis.com/compute/v1/projects/bakhovskuy-gcp-create/global/networks/test",
                            "priority": "1000",
                            "project": "bakhovskuy-gcp-create",
                            "self_link": "https://www.googleapis.com/compute/v1/projects/bakhovskuy-gcp-create/global/firewalls/test-firewall",
                            "source_ranges.#": "1",
                            "source_ranges.1080289494": "0.0.0.0/0",
                            "source_service_accounts.#": "0",
                            "source_tags.#": "0",
                            "target_service_accounts.#": "0",
                            "target_tags.#": "0"
                        },
                        "meta": {
                            "schema_version": "1"
                        },
                        "tainted": false
                    },
                    "deposed": [],
                    "provider": "provider.google"
                },
                "google_compute_network.test": {
                    "type": "google_compute_network",
                    "depends_on": [],
                    "primary": {
                        "id": "test",
                        "attributes": {
                            "auto_create_subnetworks": "true",
                            "description": "",
                            "gateway_ipv4": "",
                            "id": "test",
                            "ipv4_range": "",
                            "name": "test",
                            "project": "bakhovskuy-gcp-create",
                            "routing_mode": "REGIONAL",
                            "self_link": "https://www.googleapis.com/compute/v1/projects/bakhovskuy-gcp-create/global/networks/test"
                        },
                        "meta": {},
                        "tainted": false
                    },
                    "deposed": [],
                    "provider": "provider.google"
                }
            },
            "depends_on": []
        },
        {
            "path": [
                "root",
                "webservers"
            ],
            "outputs": {
                "instances": {
                    "sensitive": false,
                    "type": "string",
                    "value": "var.name"
                }
            },
            "resources": {
                "google_compute_instance.default.0": {
                    "type": "google_compute_instance",
                    "depends_on": [],
                    "primary": {
                        "id": "webserver-0",
                        "attributes": {
                            "attached_disk.#": "0",
                            "boot_disk.#": "1",
                            "boot_disk.0.auto_delete": "true",
                            "boot_disk.0.device_name": "persistent-disk-0",
                            "boot_disk.0.disk_encryption_key_raw": "",
                            "boot_disk.0.disk_encryption_key_sha256": "",
                            "boot_disk.0.initialize_params.#": "1",
                            "boot_disk.0.initialize_params.0.image": "https://www.googleapis.com/compute/v1/projects/debian-cloud/global/images/debian-8-jessie-v20180510",
                            "boot_disk.0.initialize_params.0.size": "10",
                            "boot_disk.0.initialize_params.0.type": "pd-standard",
                            "boot_disk.0.source": "https://www.googleapis.com/compute/v1/projects/bakhovskuy-gcp-create/zones/europe-west1-b/disks/webserver-0",
                            "can_ip_forward": "false",
                            "cpu_platform": "Intel Sandy Bridge",
                            "create_timeout": "4",
                            "deletion_protection": "false",
                            "guest_accelerator.#": "0",
                            "id": "webserver-0",
                            "instance_id": "2062550178042414877",
                            "label_fingerprint": "42WmSpB8rSM=",
                            "machine_type": "n1-standard-1",
                            "metadata.%": "1",
                            "metadata.ssh-keys": "mykola:ssh-rsa AAAAB3NzaC1yc2EAAAADAQABAAABAQDTVvya3TeB3ZSZFL6M75fpPRx57XUIjBBmV9PUgVU8YYS7PUZn02f7hxmJ6sigawu9OUJATdWOLDqHSqSz5DkSbBqvHo3LTiRzGpzWou676y/xshm3eCk+bfWzj0MU+MuTtTJO8+A+/HuE0VBPOkKO+EsdkMGidE5dyBQ0V8pfPPnu43e59Y1KpUwtUHZOZyqtZDCtsI505Z6s4qKzSQCWwtj0IJSXtQsytimK3DEC3AR9DebVAn6FLVDteKYjBTIY2Zw2XQp//s8l7IUTJs6KC7AqdFB4oNcw2oxkyTuwgdEZfzs4wsY3nS87C1Ms2M7BfNRzzWGnoslLKHrEAMYv mykola@mykola-VirtualBox\n",
                            "metadata_fingerprint": "PPw6yuS_FDA=",
                            "metadata_startup_script": "",
                            "min_cpu_platform": "",
                            "name": "webserver-0",
                            "network_interface.#": "1",
                            "network_interface.0.access_config.#": "1",
                            "network_interface.0.access_config.0.assigned_nat_ip": "104.199.12.72",
                            "network_interface.0.access_config.0.nat_ip": "104.199.12.72",
                            "network_interface.0.access_config.0.public_ptr_domain_name": "",
                            "network_interface.0.address": "10.132.0.3",
                            "network_interface.0.alias_ip_range.#": "0",
                            "network_interface.0.name": "nic0",
                            "network_interface.0.network": "https://www.googleapis.com/compute/beta/projects/bakhovskuy-gcp-create/global/networks/test",
                            "network_interface.0.network_ip": "10.132.0.3",
                            "network_interface.0.subnetwork": "https://www.googleapis.com/compute/beta/projects/bakhovskuy-gcp-create/regions/europe-west1/subnetworks/test",
                            "network_interface.0.subnetwork_project": "bakhovskuy-gcp-create",
                            "project": "bakhovskuy-gcp-create",
                            "scheduling.#": "1",
                            "scheduling.0.automatic_restart": "true",
                            "scheduling.0.on_host_maintenance": "MIGRATE",
                            "scheduling.0.preemptible": "false",
                            "scratch_disk.#": "1",
                            "scratch_disk.0.interface": "SCSI",
                            "self_link": "https://www.googleapis.com/compute/v1/projects/bakhovskuy-gcp-create/zones/europe-west1-b/instances/webserver-0",
                            "service_account.#": "0",
                            "tags.#": "1",
                            "tags.3632233996": "test",
                            "tags_fingerprint": "24toQCp64m8=",
                            "zone": "europe-west1-b"
                        },
                        "meta": {
                            "e2bfb730-ecaa-11e6-8f88-34363bc7c4c0": {
                                "create": 360000000000,
                                "delete": 360000000000,
                                "update": 360000000000
                            },
                            "schema_version": "6"
                        },
                        "tainted": false
                    },
                    "deposed": [],
                    "provider": "provider.google"
                },
                "google_compute_instance.default.1": {
                    "type": "google_compute_instance",
                    "depends_on": [],
                    "primary": {
                        "id": "webserver-1",
                        "attributes": {
                            "attached_disk.#": "0",
                            "boot_disk.#": "1",
                            "boot_disk.0.auto_delete": "true",
                            "boot_disk.0.device_name": "persistent-disk-0",
                            "boot_disk.0.disk_encryption_key_raw": "",
                            "boot_disk.0.disk_encryption_key_sha256": "",
                            "boot_disk.0.initialize_params.#": "1",
                            "boot_disk.0.initialize_params.0.image": "https://www.googleapis.com/compute/v1/projects/debian-cloud/global/images/debian-8-jessie-v20180510",
                            "boot_disk.0.initialize_params.0.size": "10",
                            "boot_disk.0.initialize_params.0.type": "pd-standard",
                            "boot_disk.0.source": "https://www.googleapis.com/compute/v1/projects/bakhovskuy-gcp-create/zones/europe-west1-b/disks/webserver-1",
                            "can_ip_forward": "false",
                            "cpu_platform": "Intel Sandy Bridge",
                            "create_timeout": "4",
                            "deletion_protection": "false",
                            "guest_accelerator.#": "0",
                            "id": "webserver-1",
                            "instance_id": "7706033666209810205",
                            "label_fingerprint": "42WmSpB8rSM=",
                            "machine_type": "n1-standard-1",
                            "metadata.%": "1",
                            "metadata.ssh-keys": "mykola:ssh-rsa AAAAB3NzaC1yc2EAAAADAQABAAABAQDTVvya3TeB3ZSZFL6M75fpPRx57XUIjBBmV9PUgVU8YYS7PUZn02f7hxmJ6sigawu9OUJATdWOLDqHSqSz5DkSbBqvHo3LTiRzGpzWou676y/xshm3eCk+bfWzj0MU+MuTtTJO8+A+/HuE0VBPOkKO+EsdkMGidE5dyBQ0V8pfPPnu43e59Y1KpUwtUHZOZyqtZDCtsI505Z6s4qKzSQCWwtj0IJSXtQsytimK3DEC3AR9DebVAn6FLVDteKYjBTIY2Zw2XQp//s8l7IUTJs6KC7AqdFB4oNcw2oxkyTuwgdEZfzs4wsY3nS87C1Ms2M7BfNRzzWGnoslLKHrEAMYv mykola@mykola-VirtualBox\n",
                            "metadata_fingerprint": "PPw6yuS_FDA=",
                            "metadata_startup_script": "",
                            "min_cpu_platform": "",
                            "name": "webserver-1",
                            "network_interface.#": "1",
                            "network_interface.0.access_config.#": "1",
                            "network_interface.0.access_config.0.assigned_nat_ip": "35.195.223.173",
                            "network_interface.0.access_config.0.nat_ip": "35.195.223.173",
                            "network_interface.0.access_config.0.public_ptr_domain_name": "",
                            "network_interface.0.address": "10.132.0.4",
                            "network_interface.0.alias_ip_range.#": "0",
                            "network_interface.0.name": "nic0",
                            "network_interface.0.network": "https://www.googleapis.com/compute/beta/projects/bakhovskuy-gcp-create/global/networks/test",
                            "network_interface.0.network_ip": "10.132.0.4",
                            "network_interface.0.subnetwork": "https://www.googleapis.com/compute/beta/projects/bakhovskuy-gcp-create/regions/europe-west1/subnetworks/test",
                            "network_interface.0.subnetwork_project": "bakhovskuy-gcp-create",
                            "project": "bakhovskuy-gcp-create",
                            "scheduling.#": "1",
                            "scheduling.0.automatic_restart": "true",
                            "scheduling.0.on_host_maintenance": "MIGRATE",
                            "scheduling.0.preemptible": "false",
                            "scratch_disk.#": "1",
                            "scratch_disk.0.interface": "SCSI",
                            "self_link": "https://www.googleapis.com/compute/v1/projects/bakhovskuy-gcp-create/zones/europe-west1-b/instances/webserver-1",
                            "service_account.#": "0",
                            "tags.#": "1",
                            "tags.3632233996": "test",
                            "tags_fingerprint": "24toQCp64m8=",
                            "zone": "europe-west1-b"
                        },
                        "meta": {
                            "e2bfb730-ecaa-11e6-8f88-34363bc7c4c0": {
                                "create": 360000000000,
                                "delete": 360000000000,
                                "update": 360000000000
                            },
                            "schema_version": "6"
                        },
                        "tainted": false
                    },
                    "deposed": [],
                    "provider": "provider.google"
                }
            },
            "depends_on": []
        }
    ]
}
